
Microsoft Visual Studio Solution File, Format Version 11.00
# Visual Studio 2010
Project("{FAE04EC0-301F-11D3-BF4B-00C04F79EFBC}") = "Testflight.Core", "Testflight.Core\Testflight.Core.csproj", "{7EC20CA0-1BAF-4785-ABFA-338AE316FFF3}"
EndProject
Project("{FAE04EC0-301F-11D3-BF4B-00C04F79EFBC}") = "Testflight.Test", "Testflight.Test\Testflight.Test.csproj", "{03AF5472-99B8-4DD5-AC17-DB755BC7A235}"
EndProject
Project("{FAE04EC0-301F-11D3-BF4B-00C04F79EFBC}") = "Testflight.ConsoleRunner", "Testflight.ConsoleRunner\Testflight.ConsoleRunner.csproj", "{B371B95E-5BB4-4F83-8481-FEB11EB72AD9}"
EndProject
Project("{2150E333-8FDC-42A3-9474-1A3956D46DE8}") = "Solution Items", "Solution Items", "{CF9A5275-9C69-4044-9478-A12914B8E439}"
	ProjectSection(SolutionItems) = preProject
		SolutionProperties.cs = SolutionProperties.cs
	EndProjectSection
EndProject
Project("{FAE04EC0-301F-11D3-BF4B-00C04F79EFBC}") = "Testflight.Web", "Testflight.Web\Testflight.Web.csproj", "{BEDC8F80-A67D-4AA7-B39E-8BC49A672C79}"
EndProject
Project("{FAE04EC0-301F-11D3-BF4B-00C04F79EFBC}") = "TestFlight.Shared", "TestFlight.Shared\TestFlight.Shared.csproj", "{EEF66475-7A21-46D9-B734-076F0A87E0CF}"
EndProject
Project("{FAE04EC0-301F-11D3-BF4B-00C04F79EFBC}") = "TestFlight.Configuration", "TestFlight.Configuration\TestFlight.Configuration.csproj", "{A89BFC7E-FBE2-4524-973D-FC26BE180C4F}"
EndProject
Global
	GlobalSection(SolutionConfigurationPlatforms) = preSolution
		Debug|Any CPU = Debug|Any CPU
		Debug|Mixed Platforms = Debug|Mixed Platforms
		Debug|x86 = Debug|x86
		Release|Any CPU = Release|Any CPU
		Release|Mixed Platforms = Release|Mixed Platforms
		Release|x86 = Release|x86
	EndGlobalSection
	GlobalSection(ProjectConfigurationPlatforms) = postSolution
		{7EC20CA0-1BAF-4785-ABFA-338AE316FFF3}.Debug|Any CPU.ActiveCfg = Debug|Any CPU
		{7EC20CA0-1BAF-4785-ABFA-338AE316FFF3}.Debug|Any CPU.Build.0 = Debug|Any CPU
		{7EC20CA0-1BAF-4785-ABFA-338AE316FFF3}.Debug|Mixed Platforms.ActiveCfg = Debug|Any CPU
		{7EC20CA0-1BAF-4785-ABFA-338AE316FFF3}.Debug|Mixed Platforms.Build.0 = Debug|Any CPU
		{7EC20CA0-1BAF-4785-ABFA-338AE316FFF3}.Debug|x86.ActiveCfg = Debug|Any CPU
		{7EC20CA0-1BAF-4785-ABFA-338AE316FFF3}.Release|Any CPU.ActiveCfg = Release|Any CPU
		{7EC20CA0-1BAF-4785-ABFA-338AE316FFF3}.Release|Any CPU.Build.0 = Release|Any CPU
		{7EC20CA0-1BAF-4785-ABFA-338AE316FFF3}.Release|Mixed Platforms.ActiveCfg = Release|Any CPU
		{7EC20CA0-1BAF-4785-ABFA-338AE316FFF3}.Release|Mixed Platforms.Build.0 = Release|Any CPU
		{7EC20CA0-1BAF-4785-ABFA-338AE316FFF3}.Release|x86.ActiveCfg = Release|Any CPU
		{03AF5472-99B8-4DD5-AC17-DB755BC7A235}.Debug|Any CPU.ActiveCfg = Debug|Any CPU
		{03AF5472-99B8-4DD5-AC17-DB755BC7A235}.Debug|Any CPU.Build.0 = Debug|Any CPU
		{03AF5472-99B8-4DD5-AC17-DB755BC7A235}.Debug|Mixed Platforms.ActiveCfg = Debug|Any CPU
		{03AF5472-99B8-4DD5-AC17-DB755BC7A235}.Debug|Mixed Platforms.Build.0 = Debug|Any CPU
		{03AF5472-99B8-4DD5-AC17-DB755BC7A235}.Debug|x86.ActiveCfg = Debug|Any CPU
		{03AF5472-99B8-4DD5-AC17-DB755BC7A235}.Release|Any CPU.ActiveCfg = Release|Any CPU
		{03AF5472-99B8-4DD5-AC17-DB755BC7A235}.Release|Any CPU.Build.0 = Release|Any CPU
		{03AF5472-99B8-4DD5-AC17-DB755BC7A235}.Release|Mixed Platforms.ActiveCfg = Release|Any CPU
		{03AF5472-99B8-4DD5-AC17-DB755BC7A235}.Release|Mixed Platforms.Build.0 = Release|Any CPU
		{03AF5472-99B8-4DD5-AC17-DB755BC7A235}.Release|x86.ActiveCfg = Release|Any CPU
		{B371B95E-5BB4-4F83-8481-FEB11EB72AD9}.Debug|Any CPU.ActiveCfg = Debug|x86
		{B371B95E-5BB4-4F83-8481-FEB11EB72AD9}.Debug|Mixed Platforms.ActiveCfg = Debug|x86
		{B371B95E-5BB4-4F83-8481-FEB11EB72AD9}.Debug|Mixed Platforms.Build.0 = Debug|x86
		{B371B95E-5BB4-4F83-8481-FEB11EB72AD9}.Debug|x86.ActiveCfg = Debug|x86
		{B371B95E-5BB4-4F83-8481-FEB11EB72AD9}.Debug|x86.Build.0 = Debug|x86
		{B371B95E-5BB4-4F83-8481-FEB11EB72AD9}.Release|Any CPU.ActiveCfg = Release|x86
		{B371B95E-5BB4-4F83-8481-FEB11EB72AD9}.Release|Mixed Platforms.ActiveCfg = Release|x86
		{B371B95E-5BB4-4F83-8481-FEB11EB72AD9}.Release|Mixed Platforms.Build.0 = Release|x86
		{B371B95E-5BB4-4F83-8481-FEB11EB72AD9}.Release|x86.ActiveCfg = Release|x86
		{B371B95E-5BB4-4F83-8481-FEB11EB72AD9}.Release|x86.Build.0 = Release|x86
		{BEDC8F80-A67D-4AA7-B39E-8BC49A672C79}.Debug|Any CPU.ActiveCfg = Debug|Any CPU
		{BEDC8F80-A67D-4AA7-B39E-8BC49A672C79}.Debug|Any CPU.Build.0 = Debug|Any CPU
		{BEDC8F80-A67D-4AA7-B39E-8BC49A672C79}.Debug|Mixed Platforms.ActiveCfg = Debug|Any CPU
		{BEDC8F80-A67D-4AA7-B39E-8BC49A672C79}.Debug|Mixed Platforms.Build.0 = Debug|Any CPU
		{BEDC8F80-A67D-4AA7-B39E-8BC49A672C79}.Debug|x86.ActiveCfg = Debug|Any CPU
		{BEDC8F80-A67D-4AA7-B39E-8BC49A672C79}.Release|Any CPU.ActiveCfg = Release|Any CPU
		{BEDC8F80-A67D-4AA7-B39E-8BC49A672C79}.Release|Any CPU.Build.0 = Release|Any CPU
		{BEDC8F80-A67D-4AA7-B39E-8BC49A672C79}.Release|Mixed Platforms.ActiveCfg = Release|Any CPU
		{BEDC8F80-A67D-4AA7-B39E-8BC49A672C79}.Release|Mixed Platforms.Build.0 = Release|Any CPU
		{BEDC8F80-A67D-4AA7-B39E-8BC49A672C79}.Release|x86.ActiveCfg = Release|Any CPU
		{EEF66475-7A21-46D9-B734-076F0A87E0CF}.Debug|Any CPU.ActiveCfg = Debug|Any CPU
		{EEF66475-7A21-46D9-B734-076F0A87E0CF}.Debug|Any CPU.Build.0 = Debug|Any CPU
		{EEF66475-7A21-46D9-B734-076F0A87E0CF}.Debug|Mixed Platforms.ActiveCfg = Debug|Any CPU
		{EEF66475-7A21-46D9-B734-076F0A87E0CF}.Debug|Mixed Platforms.Build.0 = Debug|Any CPU
		{EEF66475-7A21-46D9-B734-076F0A87E0CF}.Debug|x86.ActiveCfg = Debug|Any CPU
		{EEF66475-7A21-46D9-B734-076F0A87E0CF}.Release|Any CPU.ActiveCfg = Release|Any CPU
		{EEF66475-7A21-46D9-B734-076F0A87E0CF}.Release|Any CPU.Build.0 = Release|Any CPU
		{EEF66475-7A21-46D9-B734-076F0A87E0CF}.Release|Mixed Platforms.ActiveCfg = Release|Any CPU
		{EEF66475-7A21-46D9-B734-076F0A87E0CF}.Release|Mixed Platforms.Build.0 = Release|Any CPU
		{EEF66475-7A21-46D9-B734-076F0A87E0CF}.Release|x86.ActiveCfg = Release|Any CPU
		{A89BFC7E-FBE2-4524-973D-FC26BE180C4F}.Debug|Any CPU.ActiveCfg = Debug|Any CPU
		{A89BFC7E-FBE2-4524-973D-FC26BE180C4F}.Debug|Any CPU.Build.0 = Debug|Any CPU
		{A89BFC7E-FBE2-4524-973D-FC26BE180C4F}.Debug|Mixed Platforms.ActiveCfg = Debug|Any CPU
		{A89BFC7E-FBE2-4524-973D-FC26BE180C4F}.Debug|Mixed Platforms.Build.0 = Debug|Any CPU
		{A89BFC7E-FBE2-4524-973D-FC26BE180C4F}.Debug|x86.ActiveCfg = Debug|Any CPU
		{A89BFC7E-FBE2-4524-973D-FC26BE180C4F}.Release|Any CPU.ActiveCfg = Release|Any CPU
		{A89BFC7E-FBE2-4524-973D-FC26BE180C4F}.Release|Any CPU.Build.0 = Release|Any CPU
		{A89BFC7E-FBE2-4524-973D-FC26BE180C4F}.Release|Mixed Platforms.ActiveCfg = Release|Any CPU
		{A89BFC7E-FBE2-4524-973D-FC26BE180C4F}.Release|Mixed Platforms.Build.0 = Release|Any CPU
		{A89BFC7E-FBE2-4524-973D-FC26BE180C4F}.Release|x86.ActiveCfg = Release|Any CPU
	EndGlobalSection
	GlobalSection(SolutionProperties) = preSolution
		HideSolutionNode = FALSE
	EndGlobalSection
	GlobalSection(ExtensibilityGlobals) = postSolution
		EnterpriseLibraryConfigurationToolBinariesPath = packages\Unity.2.1.505.2\lib\NET35
	EndGlobalSection
EndGlobal
